
Microsoft Visual Studio Solution File, Format Version 12.00
Project("{FAE04EC0-301F-11D3-BF4B-00C04F79EFBC}") = "Lambda", "Lambda\Lambda.csproj", "{97E1D8F9-0668-42F1-8B93-BA978AF7CBE0}"
EndProject
Global
	GlobalSection(SolutionConfigurationPlatforms) = preSolution
		Debug|Any CPU = Debug|Any CPU
		Release|Any CPU = Release|Any CPU
	EndGlobalSection
	GlobalSection(ProjectConfigurationPlatforms) = postSolution
		{97E1D8F9-0668-42F1-8B93-BA978AF7CBE0}.Debug|Any CPU.ActiveCfg = Debug|Any CPU
		{97E1D8F9-0668-42F1-8B93-BA978AF7CBE0}.Debug|Any CPU.Build.0 = Debug|Any CPU
		{97E1D8F9-0668-42F1-8B93-BA978AF7CBE0}.Release|Any CPU.ActiveCfg = Release|Any CPU
		{97E1D8F9-0668-42F1-8B93-BA978AF7CBE0}.Release|Any CPU.Build.0 = Release|Any CPU
	EndGlobalSection
EndGlobal
